
Microsoft Visual Studio Solution File, Format Version 12.00
# Visual Studio Version 17
VisualStudioVersion = 17.6.33723.286
MinimumVisualStudioVersion = 10.0.40219.1
Project("{FAE04EC0-301F-11D3-BF4B-00C04F79EFBC}") = "Task01", "Task01\Task01.csproj", "{ED10EB8D-1F8C-4B24-B007-63A202756733}"
EndProject
Project("{FAE04EC0-301F-11D3-BF4B-00C04F79EFBC}") = "Task02", "Task02\Task02.csproj", "{2F61F05A-3E69-47D8-B9FD-698A98A46CBE}"
EndProject
Global
	GlobalSection(SolutionConfigurationPlatforms) = preSolution
		Debug|Any CPU = Debug|Any CPU
		Release|Any CPU = Release|Any CPU
	EndGlobalSection
	GlobalSection(ProjectConfigurationPlatforms) = postSolution
		{ED10EB8D-1F8C-4B24-B007-63A202756733}.Debug|Any CPU.ActiveCfg = Debug|Any CPU
		{ED10EB8D-1F8C-4B24-B007-63A202756733}.Debug|Any CPU.Build.0 = Debug|Any CPU
		{ED10EB8D-1F8C-4B24-B007-63A202756733}.Release|Any CPU.ActiveCfg = Release|Any CPU
		{ED10EB8D-1F8C-4B24-B007-63A202756733}.Release|Any CPU.Build.0 = Release|Any CPU
		{2F61F05A-3E69-47D8-B9FD-698A98A46CBE}.Debug|Any CPU.ActiveCfg = Debug|Any CPU
		{2F61F05A-3E69-47D8-B9FD-698A98A46CBE}.Debug|Any CPU.Build.0 = Debug|Any CPU
		{2F61F05A-3E69-47D8-B9FD-698A98A46CBE}.Release|Any CPU.ActiveCfg = Release|Any CPU
		{2F61F05A-3E69-47D8-B9FD-698A98A46CBE}.Release|Any CPU.Build.0 = Release|Any CPU
	EndGlobalSection
	GlobalSection(SolutionProperties) = preSolution
		HideSolutionNode = FALSE
	EndGlobalSection
	GlobalSection(ExtensibilityGlobals) = postSolution
		SolutionGuid = {50719921-E5CA-430C-816C-D0CB50D2FB46}
	EndGlobalSection
EndGlobal
